
Microsoft Visual Studio Solution File, Format Version 12.00
# Visual Studio 2012
Project("{2150E333-8FDC-42A3-9474-1A3956D46DE8}") = ".nuget", ".nuget", "{7A8D86E4-A14F-4BD1-AE1F-99A175183900}"
	ProjectSection(SolutionItems) = preProject
		.nuget\NuGet.Config = .nuget\NuGet.Config
		.nuget\NuGet.exe = .nuget\NuGet.exe
		.nuget\NuGet.targets = .nuget\NuGet.targets
	EndProjectSection
EndProject
Project("{2150E333-8FDC-42A3-9474-1A3956D46DE8}") = "Solution Items", "Solution Items", "{D78F7145-8C88-4A58-9D84-652EBD2D8D19}"
	ProjectSection(SolutionItems) = preProject
		README.md = README.md
	EndProjectSection
EndProject
Project("{FAE04EC0-301F-11D3-BF4B-00C04F79EFBC}") = "Mersiv.Lib", "Mersiv.Lib\Mersiv.Lib.csproj", "{35F8DD65-0250-4590-BCB2-B20DC34934AA}"
EndProject
Project("{FAE04EC0-301F-11D3-BF4B-00C04F79EFBC}") = "Mersiv.Web", "Mersiv.Web\Mersiv.Web.csproj", "{F3B4ADAA-1CA7-4778-A92A-9B14E2FB0C67}"
EndProject
Global
	GlobalSection(SolutionConfigurationPlatforms) = preSolution
		Debug|Any CPU = Debug|Any CPU
		Release|Any CPU = Release|Any CPU
	EndGlobalSection
	GlobalSection(ProjectConfigurationPlatforms) = postSolution
		{35F8DD65-0250-4590-BCB2-B20DC34934AA}.Debug|Any CPU.ActiveCfg = Debug|Any CPU
		{35F8DD65-0250-4590-BCB2-B20DC34934AA}.Debug|Any CPU.Build.0 = Debug|Any CPU
		{35F8DD65-0250-4590-BCB2-B20DC34934AA}.Release|Any CPU.ActiveCfg = Release|Any CPU
		{35F8DD65-0250-4590-BCB2-B20DC34934AA}.Release|Any CPU.Build.0 = Release|Any CPU
		{F3B4ADAA-1CA7-4778-A92A-9B14E2FB0C67}.Debug|Any CPU.ActiveCfg = Debug|Any CPU
		{F3B4ADAA-1CA7-4778-A92A-9B14E2FB0C67}.Debug|Any CPU.Build.0 = Debug|Any CPU
		{F3B4ADAA-1CA7-4778-A92A-9B14E2FB0C67}.Release|Any CPU.ActiveCfg = Release|Any CPU
		{F3B4ADAA-1CA7-4778-A92A-9B14E2FB0C67}.Release|Any CPU.Build.0 = Release|Any CPU
	EndGlobalSection
	GlobalSection(SolutionProperties) = preSolution
		HideSolutionNode = FALSE
	EndGlobalSection
	GlobalSection(NestedProjects) = preSolution
		{35F8DD65-0250-4590-BCB2-B20DC34934AA} = {D78F7145-8C88-4A58-9D84-652EBD2D8D19}
	EndGlobalSection
EndGlobal
